
Microsoft Visual Studio Solution File, Format Version 12.00
# Visual Studio 15
VisualStudioVersion = 15.0.28307.1401
MinimumVisualStudioVersion = 10.0.40219.1
Project("{9A19103F-16F7-4668-BE54-9A1E7A4F7556}") = "EmployeeManagement", "EmployeeManagement\EmployeeManagement.csproj", "{2A281659-29A0-4138-B771-1AD9BD5E6CF9}"
EndProject
Global
	GlobalSection(SolutionConfigurationPlatforms) = preSolution
		Debug|Any CPU = Debug|Any CPU
		Release|Any CPU = Release|Any CPU
	EndGlobalSection
	GlobalSection(ProjectConfigurationPlatforms) = postSolution
		{2A281659-29A0-4138-B771-1AD9BD5E6CF9}.Debug|Any CPU.ActiveCfg = Debug|Any CPU
		{2A281659-29A0-4138-B771-1AD9BD5E6CF9}.Debug|Any CPU.Build.0 = Debug|Any CPU
		{2A281659-29A0-4138-B771-1AD9BD5E6CF9}.Release|Any CPU.ActiveCfg = Release|Any CPU
		{2A281659-29A0-4138-B771-1AD9BD5E6CF9}.Release|Any CPU.Build.0 = Release|Any CPU
	EndGlobalSection
	GlobalSection(SolutionProperties) = preSolution
		HideSolutionNode = FALSE
	EndGlobalSection
	GlobalSection(ExtensibilityGlobals) = postSolution
		SolutionGuid = {B77DD6CD-D802-4183-AA70-FDC167ED5EF9}
	EndGlobalSection
EndGlobal
